
Microsoft Visual Studio Solution File, Format Version 12.00
# Visual Studio 2013
VisualStudioVersion = 12.0.30723.0
MinimumVisualStudioVersion = 10.0.40219.1
Project("{FAE04EC0-301F-11D3-BF4B-00C04F79EFBC}") = "OpenPixels.Server", "OpenPixels.Server\OpenPixels.Server.csproj", "{7A52F1DD-3341-4F1A-A0BE-7932EC5AC63F}"
EndProject
Project("{FAE04EC0-301F-11D3-BF4B-00C04F79EFBC}") = "OpenPixels.ServerHost", "OpenPixels.ServerHost\OpenPixels.ServerHost.csproj", "{40F7F5A1-CE47-46E4-AAA9-29FBDE025AFF}"
EndProject
Project("{FAE04EC0-301F-11D3-BF4B-00C04F79EFBC}") = "OpenPixels.Server.OPC", "OpenPixels.Server.OPC\OpenPixels.Server.OPC.csproj", "{5D16A046-C545-447F-B944-89C91943F4C6}"
EndProject
Project("{2150E333-8FDC-42A3-9474-1A3956D46DE8}") = "Testing", "Testing", "{B819640F-7932-4D6C-B211-28FA7290484D}"
EndProject
Project("{FAE04EC0-301F-11D3-BF4B-00C04F79EFBC}") = "OpcListenerConsole", "OpcListenerConsole\OpcListenerConsole.csproj", "{82E94BE8-BF52-4E39-A0E6-5A8A255E37C4}"
EndProject
Project("{FAE04EC0-301F-11D3-BF4B-00C04F79EFBC}") = "OpenPixels.Server.UnitTests", "OpenPixels.Server.UnitTests\OpenPixels.Server.UnitTests.csproj", "{7CA3EAA3-D72E-4EA7-9236-0ACEB4B461D6}"
EndProject
Global
	GlobalSection(SolutionConfigurationPlatforms) = preSolution
		Debug|Any CPU = Debug|Any CPU
		Release|Any CPU = Release|Any CPU
	EndGlobalSection
	GlobalSection(ProjectConfigurationPlatforms) = postSolution
		{7A52F1DD-3341-4F1A-A0BE-7932EC5AC63F}.Debug|Any CPU.ActiveCfg = Debug|Any CPU
		{7A52F1DD-3341-4F1A-A0BE-7932EC5AC63F}.Debug|Any CPU.Build.0 = Debug|Any CPU
		{7A52F1DD-3341-4F1A-A0BE-7932EC5AC63F}.Release|Any CPU.ActiveCfg = Release|Any CPU
		{7A52F1DD-3341-4F1A-A0BE-7932EC5AC63F}.Release|Any CPU.Build.0 = Release|Any CPU
		{40F7F5A1-CE47-46E4-AAA9-29FBDE025AFF}.Debug|Any CPU.ActiveCfg = Debug|Any CPU
		{40F7F5A1-CE47-46E4-AAA9-29FBDE025AFF}.Debug|Any CPU.Build.0 = Debug|Any CPU
		{40F7F5A1-CE47-46E4-AAA9-29FBDE025AFF}.Release|Any CPU.ActiveCfg = Release|Any CPU
		{40F7F5A1-CE47-46E4-AAA9-29FBDE025AFF}.Release|Any CPU.Build.0 = Release|Any CPU
		{5D16A046-C545-447F-B944-89C91943F4C6}.Debug|Any CPU.ActiveCfg = Debug|Any CPU
		{5D16A046-C545-447F-B944-89C91943F4C6}.Debug|Any CPU.Build.0 = Debug|Any CPU
		{5D16A046-C545-447F-B944-89C91943F4C6}.Release|Any CPU.ActiveCfg = Release|Any CPU
		{5D16A046-C545-447F-B944-89C91943F4C6}.Release|Any CPU.Build.0 = Release|Any CPU
		{82E94BE8-BF52-4E39-A0E6-5A8A255E37C4}.Debug|Any CPU.ActiveCfg = Debug|Any CPU
		{82E94BE8-BF52-4E39-A0E6-5A8A255E37C4}.Debug|Any CPU.Build.0 = Debug|Any CPU
		{82E94BE8-BF52-4E39-A0E6-5A8A255E37C4}.Release|Any CPU.ActiveCfg = Release|Any CPU
		{82E94BE8-BF52-4E39-A0E6-5A8A255E37C4}.Release|Any CPU.Build.0 = Release|Any CPU
		{7CA3EAA3-D72E-4EA7-9236-0ACEB4B461D6}.Debug|Any CPU.ActiveCfg = Debug|Any CPU
		{7CA3EAA3-D72E-4EA7-9236-0ACEB4B461D6}.Debug|Any CPU.Build.0 = Debug|Any CPU
		{7CA3EAA3-D72E-4EA7-9236-0ACEB4B461D6}.Release|Any CPU.ActiveCfg = Release|Any CPU
		{7CA3EAA3-D72E-4EA7-9236-0ACEB4B461D6}.Release|Any CPU.Build.0 = Release|Any CPU
	EndGlobalSection
	GlobalSection(SolutionProperties) = preSolution
		HideSolutionNode = FALSE
	EndGlobalSection
	GlobalSection(NestedProjects) = preSolution
		{82E94BE8-BF52-4E39-A0E6-5A8A255E37C4} = {B819640F-7932-4D6C-B211-28FA7290484D}
		{7CA3EAA3-D72E-4EA7-9236-0ACEB4B461D6} = {B819640F-7932-4D6C-B211-28FA7290484D}
	EndGlobalSection
EndGlobal
