
Microsoft Visual Studio Solution File, Format Version 12.00
# Visual Studio 14
VisualStudioVersion = 14.0.25420.1
MinimumVisualStudioVersion = 10.0.40219.1
Project("{FAE04EC0-301F-11D3-BF4B-00C04F79EFBC}") = "PiCandy.Server", "PiCandy.Server\PiCandy.Server.csproj", "{7A52F1DD-3341-4F1A-A0BE-7932EC5AC63F}"
EndProject
Project("{FAE04EC0-301F-11D3-BF4B-00C04F79EFBC}") = "PiCandy.ServerHost", "PiCandy.ServerHost\PiCandy.ServerHost.csproj", "{40F7F5A1-CE47-46E4-AAA9-29FBDE025AFF}"
	ProjectSection(ProjectDependencies) = postProject
		{6C377F1D-CEE3-4F73-AE77-39CBD0B4C327} = {6C377F1D-CEE3-4F73-AE77-39CBD0B4C327}
		{5D16A046-C545-447F-B944-89C91943F4C6} = {5D16A046-C545-447F-B944-89C91943F4C6}
	EndProjectSection
EndProject
Project("{FAE04EC0-301F-11D3-BF4B-00C04F79EFBC}") = "PiCandy.Server.OPC", "PiCandy.Server.OPC\PiCandy.Server.OPC.csproj", "{5D16A046-C545-447F-B944-89C91943F4C6}"
EndProject
Project("{2150E333-8FDC-42A3-9474-1A3956D46DE8}") = "Testing", "Testing", "{B819640F-7932-4D6C-B211-28FA7290484D}"
EndProject
Project("{FAE04EC0-301F-11D3-BF4B-00C04F79EFBC}") = "OpcListenerConsole", "OpcListenerConsole\OpcListenerConsole.csproj", "{82E94BE8-BF52-4E39-A0E6-5A8A255E37C4}"
EndProject
Project("{FAE04EC0-301F-11D3-BF4B-00C04F79EFBC}") = "PiCandy.Server.UnitTests", "PiCandy.Server.UnitTests\PiCandy.Server.UnitTests.csproj", "{7CA3EAA3-D72E-4EA7-9236-0ACEB4B461D6}"
EndProject
Project("{FAE04EC0-301F-11D3-BF4B-00C04F79EFBC}") = "PiCandy.Server.OPC.Tests", "PiCandy.Server.OPC.Tests\PiCandy.Server.OPC.Tests.csproj", "{4EC946ED-D9F1-420A-B814-51189141B784}"
EndProject
Project("{FAE04EC0-301F-11D3-BF4B-00C04F79EFBC}") = "PiCandy.Renderer.RpiWs2812", "PiCandy.Renderer.RpiWs2812\PiCandy.Renderer.RpiWs2812.csproj", "{6C377F1D-CEE3-4F73-AE77-39CBD0B4C327}"
EndProject
Project("{FAE04EC0-301F-11D3-BF4B-00C04F79EFBC}") = "RpiWs2812OpcServer", "RpiWs2812OpcServer\RpiWs2812OpcServer.csproj", "{F2D18E0C-F4FE-4CF7-9457-D6664CA2BE92}"
EndProject
Project("{2150E333-8FDC-42A3-9474-1A3956D46DE8}") = ".nuget", ".nuget", "{F603713C-4386-497B-9C46-C22BC44B72DF}"
	ProjectSection(SolutionItems) = preProject
		.nuget\packages.config = .nuget\packages.config
	EndProjectSection
EndProject
Project("{FAE04EC0-301F-11D3-BF4B-00C04F79EFBC}") = "PiCandy.Core", "PiCandy.Core\PiCandy.Core.csproj", "{340770C1-827D-46BF-908E-0B35C8D3E525}"
EndProject
Project("{2150E333-8FDC-42A3-9474-1A3956D46DE8}") = "Solution Items", "Solution Items", "{3EA10D29-9642-467B-ADE6-866DF8D13803}"
	ProjectSection(SolutionItems) = preProject
		build.fsx = build.fsx
	EndProjectSection
EndProject
Global
	GlobalSection(SolutionConfigurationPlatforms) = preSolution
		Debug|Any CPU = Debug|Any CPU
		Release|Any CPU = Release|Any CPU
	EndGlobalSection
	GlobalSection(ProjectConfigurationPlatforms) = postSolution
		{7A52F1DD-3341-4F1A-A0BE-7932EC5AC63F}.Debug|Any CPU.ActiveCfg = Debug|Any CPU
		{7A52F1DD-3341-4F1A-A0BE-7932EC5AC63F}.Debug|Any CPU.Build.0 = Debug|Any CPU
		{7A52F1DD-3341-4F1A-A0BE-7932EC5AC63F}.Release|Any CPU.ActiveCfg = Release|Any CPU
		{7A52F1DD-3341-4F1A-A0BE-7932EC5AC63F}.Release|Any CPU.Build.0 = Release|Any CPU
		{40F7F5A1-CE47-46E4-AAA9-29FBDE025AFF}.Debug|Any CPU.ActiveCfg = Debug|Any CPU
		{40F7F5A1-CE47-46E4-AAA9-29FBDE025AFF}.Debug|Any CPU.Build.0 = Debug|Any CPU
		{40F7F5A1-CE47-46E4-AAA9-29FBDE025AFF}.Release|Any CPU.ActiveCfg = Release|Any CPU
		{40F7F5A1-CE47-46E4-AAA9-29FBDE025AFF}.Release|Any CPU.Build.0 = Release|Any CPU
		{5D16A046-C545-447F-B944-89C91943F4C6}.Debug|Any CPU.ActiveCfg = Debug|Any CPU
		{5D16A046-C545-447F-B944-89C91943F4C6}.Debug|Any CPU.Build.0 = Debug|Any CPU
		{5D16A046-C545-447F-B944-89C91943F4C6}.Release|Any CPU.ActiveCfg = Release|Any CPU
		{5D16A046-C545-447F-B944-89C91943F4C6}.Release|Any CPU.Build.0 = Release|Any CPU
		{82E94BE8-BF52-4E39-A0E6-5A8A255E37C4}.Debug|Any CPU.ActiveCfg = Debug|Any CPU
		{82E94BE8-BF52-4E39-A0E6-5A8A255E37C4}.Debug|Any CPU.Build.0 = Debug|Any CPU
		{82E94BE8-BF52-4E39-A0E6-5A8A255E37C4}.Release|Any CPU.ActiveCfg = Release|Any CPU
		{82E94BE8-BF52-4E39-A0E6-5A8A255E37C4}.Release|Any CPU.Build.0 = Release|Any CPU
		{7CA3EAA3-D72E-4EA7-9236-0ACEB4B461D6}.Debug|Any CPU.ActiveCfg = Debug|Any CPU
		{7CA3EAA3-D72E-4EA7-9236-0ACEB4B461D6}.Debug|Any CPU.Build.0 = Debug|Any CPU
		{7CA3EAA3-D72E-4EA7-9236-0ACEB4B461D6}.Release|Any CPU.ActiveCfg = Release|Any CPU
		{7CA3EAA3-D72E-4EA7-9236-0ACEB4B461D6}.Release|Any CPU.Build.0 = Release|Any CPU
		{4EC946ED-D9F1-420A-B814-51189141B784}.Debug|Any CPU.ActiveCfg = Debug|Any CPU
		{4EC946ED-D9F1-420A-B814-51189141B784}.Debug|Any CPU.Build.0 = Debug|Any CPU
		{4EC946ED-D9F1-420A-B814-51189141B784}.Release|Any CPU.ActiveCfg = Release|Any CPU
		{4EC946ED-D9F1-420A-B814-51189141B784}.Release|Any CPU.Build.0 = Release|Any CPU
		{6C377F1D-CEE3-4F73-AE77-39CBD0B4C327}.Debug|Any CPU.ActiveCfg = Debug|Any CPU
		{6C377F1D-CEE3-4F73-AE77-39CBD0B4C327}.Debug|Any CPU.Build.0 = Debug|Any CPU
		{6C377F1D-CEE3-4F73-AE77-39CBD0B4C327}.Release|Any CPU.ActiveCfg = Release|Any CPU
		{6C377F1D-CEE3-4F73-AE77-39CBD0B4C327}.Release|Any CPU.Build.0 = Release|Any CPU
		{F2D18E0C-F4FE-4CF7-9457-D6664CA2BE92}.Debug|Any CPU.ActiveCfg = Debug|Any CPU
		{F2D18E0C-F4FE-4CF7-9457-D6664CA2BE92}.Debug|Any CPU.Build.0 = Debug|Any CPU
		{F2D18E0C-F4FE-4CF7-9457-D6664CA2BE92}.Release|Any CPU.ActiveCfg = Release|Any CPU
		{F2D18E0C-F4FE-4CF7-9457-D6664CA2BE92}.Release|Any CPU.Build.0 = Release|Any CPU
		{340770C1-827D-46BF-908E-0B35C8D3E525}.Debug|Any CPU.ActiveCfg = Debug|Any CPU
		{340770C1-827D-46BF-908E-0B35C8D3E525}.Debug|Any CPU.Build.0 = Debug|Any CPU
		{340770C1-827D-46BF-908E-0B35C8D3E525}.Release|Any CPU.ActiveCfg = Release|Any CPU
		{340770C1-827D-46BF-908E-0B35C8D3E525}.Release|Any CPU.Build.0 = Release|Any CPU
	EndGlobalSection
	GlobalSection(SolutionProperties) = preSolution
		HideSolutionNode = FALSE
	EndGlobalSection
	GlobalSection(NestedProjects) = preSolution
		{82E94BE8-BF52-4E39-A0E6-5A8A255E37C4} = {B819640F-7932-4D6C-B211-28FA7290484D}
		{7CA3EAA3-D72E-4EA7-9236-0ACEB4B461D6} = {B819640F-7932-4D6C-B211-28FA7290484D}
		{4EC946ED-D9F1-420A-B814-51189141B784} = {B819640F-7932-4D6C-B211-28FA7290484D}
		{F2D18E0C-F4FE-4CF7-9457-D6664CA2BE92} = {B819640F-7932-4D6C-B211-28FA7290484D}
	EndGlobalSection
EndGlobal
